{
  "name": "my-clean-app",
  "version": "1.0.0",
  "lockfileVersion": 3,
  "requires": true,
  "packages": {
    "": {
      "name": "my-clean-app",
      "version": "1.0.0",
      "license": "MIT",
      "dependencies": {
        "express": "^4.18.2",
        "lodash": "^4.17.21"
      },
      "devDependencies": {
        "jest": "^29.7.0",
        "typescript": "^5.3.0"
      }
    },
    "node_modules/express": {
      "version": "4.18.2",
      "resolved": "https://registry.npmjs.org/express/-/express-4.18.2.tgz",
      "integrity": "sha512-5/PsL6iGPdfJ/lCB1F2ao8Y3mMFa9nSkhP7W0g43mQTqa7Fi5gXV1F9V8bN/7DfDuwVWQlG2a0Y+hoFj5OnJMg==",
      "license": "MIT"
    },
    "node_modules/lodash": {
      "version": "4.17.21",
      "resolved": "https://registry.npmjs.org/lodash/-/lodash-4.17.21.tgz",
      "integrity": "sha512-v3k79CFjdJFeD6OUpF8nU3ojh5ZQAA5Kzw8MKCRJCRZ6Mw9Z4JdP6R5Z3rA6+b5hR+9WNcCkiO5GKeCfVRq8Ew==",
      "license": "MIT"
    },
    "node_modules/jest": {
      "version": "29.7.0",
      "resolved": "https://registry.npmjs.org/jest/-/jest-29.7.0.tgz",
      "integrity": "sha512-NX0j6cH1S3BsP9+0zW3W4R5f5K5N1VDT2q+Z3FT7jZV6JjV2r1LzFGVCFVmpK6Wq2E2E2P2A9z2Q7P6qM2j1rA==",
      "dev": true,
      "license": "MIT"
    },
    "node_modules/typescript": {
      "version": "5.3.3",
      "resolved": "https://registry.npmjs.org/typescript/-/typescript-5.3.3.tgz",
      "integrity": "sha512-pXWCrM2FP2KM0T9s3FqD3MgQs3JqO4N0k0B2VT9F2e2Q0F2C8Bz3f7V6k0L3Xq2+J0N1H0B1T5h5hM2L5X3f7V6w==",
      "dev": true,
      "license": "Apache-2.0"
    }
  }
}
